
Microsoft Visual Studio Solution File, Format Version 12.00
# Visual Studio Version 17
VisualStudioVersion = 17.4.33403.182
MinimumVisualStudioVersion = 10.0.40219.1
Project("{FAE04EC0-301F-11D3-BF4B-00C04F79EFBC}") = "WebSocket_ASP", "WebSocket_ASP\WebSocket_ASP.csproj", "{CBB87386-E7B7-410F-B991-E0D2F5049165}"
EndProject
Global
	GlobalSection(SolutionConfigurationPlatforms) = preSolution
		Debug|Any CPU = Debug|Any CPU
		Release|Any CPU = Release|Any CPU
	EndGlobalSection
	GlobalSection(ProjectConfigurationPlatforms) = postSolution
		{CBB87386-E7B7-410F-B991-E0D2F5049165}.Debug|Any CPU.ActiveCfg = Debug|Any CPU
		{CBB87386-E7B7-410F-B991-E0D2F5049165}.Debug|Any CPU.Build.0 = Debug|Any CPU
		{CBB87386-E7B7-410F-B991-E0D2F5049165}.Release|Any CPU.ActiveCfg = Release|Any CPU
		{CBB87386-E7B7-410F-B991-E0D2F5049165}.Release|Any CPU.Build.0 = Release|Any CPU
	EndGlobalSection
	GlobalSection(SolutionProperties) = preSolution
		HideSolutionNode = FALSE
	EndGlobalSection
	GlobalSection(ExtensibilityGlobals) = postSolution
		SolutionGuid = {BD5B4964-4A58-47B7-821E-EAF3B10FB819}
	EndGlobalSection
EndGlobal
